dependencies:
  espressif/esp_ot_cli_extension:
    component_hash: 3420518e85bfadb957f5f70e7773a7ae5bd04d8cc8b35bc16081902cfdd77ac6
    source:
      service_url: https://api.components.espressif.com/
      type: service
    version: 1.0.2
  espressif/led_strip:
    component_hash: 67d2744208e9c12d8b1992d21c979396c1726e57cb7e35e7c171c515be20f8ea
    source:
      service_url: https://api.components.espressif.com/
      type: service
    version: 2.5.3
  idf:
    component_hash: null
    source:
      type: idf
    version: 5.3.0
  iperf:
    component_hash: null
    source:
      path: /Users/simeon/esp/esp-idf/examples/common_components/iperf
      type: local
    version: '*'
  ot_led:
    component_hash: null
    source:
      path: /Users/simeon/esp/esp-idf/examples/openthread/ot_common_components/ot_led
      type: local
    version: '*'
manifest_hash: c22909a68c06e5710f08c47bbcb35e0b0a7225e1fd8f03bb918eea216ef37381
target: esp32h2
version: 1.0.0
